dependencies:
  espressif/cmake_utilities:
    component_hash: 351350613ceafba240b761b4ea991e0f231ac7a9f59a9ee901f751bddc0bb18f
    dependencies:
    - name: idf
      require: private
      version: '>=4.1'
    source:
      registry_url: https://components.espressif.com/
      type: service
    version: 0.5.3
  espressif/esp_modem:
    component_hash: 40af7f39c6c8c0c85c98014721fca8d9d2186f18f70645c66b94548192cf1e03
    dependencies:
    - name: idf
      require: private
      version: '>=4.1'
    source:
      registry_url: https://components.espressif.com
      type: service
    version: 1.4.2
  espressif/iot_bridge:
    component_hash: 3e76bec97bb82596162249f30951f30daf67ddc5a6d1a625eadcbdd9528a8fb6
    dependencies:
    - name: espressif/cmake_utilities
      registry_url: https://components.espressif.com
      require: private
      version: 0.*
    - name: espressif/esp_modem
      registry_url: https://components.espressif.com
      require: private
      rules:
      - if: target not in [esp32s2, esp32s3]
      version: 1.*
    - name: espressif/esp_modem_usb_dte
      registry_url: https://components.espressif.com
      require: private
      rules:
      - if: target in [esp32s2, esp32s3]
      version: 1.*
    - name: espressif/esp_tinyusb
      registry_url: https://components.espressif.com
      require: private
      rules:
      - if: target in [esp32s2, esp32s3]
      - if: idf_version >=5.1.4
      version: 1.*
    - name: idf
      require: private
      version: '>=5.0'
    source:
      registry_url: https://components.espressif.com/
      type: service
    version: 1.0.1
  espressif/qrcode:
    component_hash: 3b493771bc5d6ad30cbf87c25bf784aada8a08c941504355b55d6b75518ed7bc
    dependencies: []
    source:
      registry_url: https://components.espressif.com/
      type: service
    version: 0.1.0~2
  idf:
    source:
      type: idf
    version: 5.2.5
direct_dependencies:
- espressif/cmake_utilities
- espressif/iot_bridge
- espressif/qrcode
- idf
manifest_hash: 26ef264612232c383a1153c1b40f6d80fcf3d5edd7cdd70969603951299c99c0
target: esp32
version: 2.0.0
